
Microsoft Visual Studio Solution File, Format Version 12.00
# Visual Studio Version 17
VisualStudioVersion = 17.9.34714.143
MinimumVisualStudioVersion = 10.0.40219.1
Project("{FAE04EC0-301F-11D3-BF4B-00C04F79EFBC}") = "laçosDeRepeticao", "laçosDeRepeticao.csproj", "{E1B8C3B3-57E3-4D8A-A3DB-9F24321ACE40}"
EndProject
Global
	GlobalSection(SolutionConfigurationPlatforms) = preSolution
		Debug|Any CPU = Debug|Any CPU
		Release|Any CPU = Release|Any CPU
	EndGlobalSection
	GlobalSection(ProjectConfigurationPlatforms) = postSolution
		{E1B8C3B3-57E3-4D8A-A3DB-9F24321ACE40}.Debug|Any CPU.ActiveCfg = Debug|Any CPU
		{E1B8C3B3-57E3-4D8A-A3DB-9F24321ACE40}.Debug|Any CPU.Build.0 = Debug|Any CPU
		{E1B8C3B3-57E3-4D8A-A3DB-9F24321ACE40}.Release|Any CPU.ActiveCfg = Release|Any CPU
		{E1B8C3B3-57E3-4D8A-A3DB-9F24321ACE40}.Release|Any CPU.Build.0 = Release|Any CPU
	EndGlobalSection
	GlobalSection(SolutionProperties) = preSolution
		HideSolutionNode = FALSE
	EndGlobalSection
	GlobalSection(ExtensibilityGlobals) = postSolution
		SolutionGuid = {94F4713E-245A-4ED1-98C0-53B0237E78A3}
	EndGlobalSection
EndGlobal
